
Microsoft Visual Studio Solution File, Format Version 12.00
# Visual Studio Version 17
VisualStudioVersion = 17.10.35004.147
MinimumVisualStudioVersion = 10.0.40219.1
Project("{FAE04EC0-301F-11D3-BF4B-00C04F79EFBC}") = "RomanToInteger", "RomanToInteger\RomanToInteger.csproj", "{B687E44C-C6D8-44D6-844A-396D6B9FF947}"
EndProject
Global
	GlobalSection(SolutionConfigurationPlatforms) = preSolution
		Debug|Any CPU = Debug|Any CPU
		Release|Any CPU = Release|Any CPU
	EndGlobalSection
	GlobalSection(ProjectConfigurationPlatforms) = postSolution
		{B687E44C-C6D8-44D6-844A-396D6B9FF947}.Debug|Any CPU.ActiveCfg = Debug|Any CPU
		{B687E44C-C6D8-44D6-844A-396D6B9FF947}.Debug|Any CPU.Build.0 = Debug|Any CPU
		{B687E44C-C6D8-44D6-844A-396D6B9FF947}.Release|Any CPU.ActiveCfg = Release|Any CPU
		{B687E44C-C6D8-44D6-844A-396D6B9FF947}.Release|Any CPU.Build.0 = Release|Any CPU
	EndGlobalSection
	GlobalSection(SolutionProperties) = preSolution
		HideSolutionNode = FALSE
	EndGlobalSection
	GlobalSection(ExtensibilityGlobals) = postSolution
		SolutionGuid = {3F758BA7-6870-4304-B2C7-328E18B292AF}
	EndGlobalSection
EndGlobal
