
Microsoft Visual Studio Solution File, Format Version 12.00
# Visual Studio Version 17
VisualStudioVersion = 17.10.35122.118
MinimumVisualStudioVersion = 10.0.40219.1
Project("{FAE04EC0-301F-11D3-BF4B-00C04F79EFBC}") = "BestTimeToBuySell", "BestTimeToBuySell\BestTimeToBuySell.csproj", "{A7246C00-C684-447A-A614-78463C756921}"
EndProject
Global
	GlobalSection(SolutionConfigurationPlatforms) = preSolution
		Debug|Any CPU = Debug|Any CPU
		Release|Any CPU = Release|Any CPU
	EndGlobalSection
	GlobalSection(ProjectConfigurationPlatforms) = postSolution
		{A7246C00-C684-447A-A614-78463C756921}.Debug|Any CPU.ActiveCfg = Debug|Any CPU
		{A7246C00-C684-447A-A614-78463C756921}.Debug|Any CPU.Build.0 = Debug|Any CPU
		{A7246C00-C684-447A-A614-78463C756921}.Release|Any CPU.ActiveCfg = Release|Any CPU
		{A7246C00-C684-447A-A614-78463C756921}.Release|Any CPU.Build.0 = Release|Any CPU
	EndGlobalSection
	GlobalSection(SolutionProperties) = preSolution
		HideSolutionNode = FALSE
	EndGlobalSection
	GlobalSection(ExtensibilityGlobals) = postSolution
		SolutionGuid = {51FDC6AB-3368-4911-BDEB-22F576C951B8}
	EndGlobalSection
EndGlobal
