
Microsoft Visual Studio Solution File, Format Version 12.00
# Visual Studio Version 17
VisualStudioVersion = 17.10.35004.147
MinimumVisualStudioVersion = 10.0.40219.1
Project("{FAE04EC0-301F-11D3-BF4B-00C04F79EFBC}") = "RemoveDuplicatesFromSortedArray", "RemoveDuplicatesFromSortedArray\RemoveDuplicatesFromSortedArray.csproj", "{C2A1CBD9-5E01-4013-985B-211498F88D33}"
EndProject
Global
	GlobalSection(SolutionConfigurationPlatforms) = preSolution
		Debug|Any CPU = Debug|Any CPU
		Release|Any CPU = Release|Any CPU
	EndGlobalSection
	GlobalSection(ProjectConfigurationPlatforms) = postSolution
		{C2A1CBD9-5E01-4013-985B-211498F88D33}.Debug|Any CPU.ActiveCfg = Debug|Any CPU
		{C2A1CBD9-5E01-4013-985B-211498F88D33}.Debug|Any CPU.Build.0 = Debug|Any CPU
		{C2A1CBD9-5E01-4013-985B-211498F88D33}.Release|Any CPU.ActiveCfg = Release|Any CPU
		{C2A1CBD9-5E01-4013-985B-211498F88D33}.Release|Any CPU.Build.0 = Release|Any CPU
	EndGlobalSection
	GlobalSection(SolutionProperties) = preSolution
		HideSolutionNode = FALSE
	EndGlobalSection
	GlobalSection(ExtensibilityGlobals) = postSolution
		SolutionGuid = {A2428F55-FE1A-4B59-81FD-3E2CCFDDF013}
	EndGlobalSection
EndGlobal
