
Microsoft Visual Studio Solution File, Format Version 12.00
# Visual Studio Version 17
VisualStudioVersion = 17.10.35122.118
MinimumVisualStudioVersion = 10.0.40219.1
Project("{FAE04EC0-301F-11D3-BF4B-00C04F79EFBC}") = "LinkedListCycle", "LinkedListCycle\LinkedListCycle.csproj", "{E7E1C839-AC02-4415-BA56-C1A234C0CC63}"
EndProject
Global
	GlobalSection(SolutionConfigurationPlatforms) = preSolution
		Debug|Any CPU = Debug|Any CPU
		Release|Any CPU = Release|Any CPU
	EndGlobalSection
	GlobalSection(ProjectConfigurationPlatforms) = postSolution
		{E7E1C839-AC02-4415-BA56-C1A234C0CC63}.Debug|Any CPU.ActiveCfg = Debug|Any CPU
		{E7E1C839-AC02-4415-BA56-C1A234C0CC63}.Debug|Any CPU.Build.0 = Debug|Any CPU
		{E7E1C839-AC02-4415-BA56-C1A234C0CC63}.Release|Any CPU.ActiveCfg = Release|Any CPU
		{E7E1C839-AC02-4415-BA56-C1A234C0CC63}.Release|Any CPU.Build.0 = Release|Any CPU
	EndGlobalSection
	GlobalSection(SolutionProperties) = preSolution
		HideSolutionNode = FALSE
	EndGlobalSection
	GlobalSection(ExtensibilityGlobals) = postSolution
		SolutionGuid = {52AF504E-4341-46EA-ADC3-DC1424F9431D}
	EndGlobalSection
EndGlobal
